// !$*UTF8*$!
{
	archiveVersion = 1;
	classes = {
	};
	objectVersion = 50;
	objects = {

/* Begin PBXBuildFile section */
		840FC3F2720C90F22C1BCF81 /* libPods-Drink.a in Frameworks */ = {isa = PBXBuildFile; fileRef = 9DAE4BA884936FD0B6F2794B /* libPods-Drink.a */; };
		F590A4172178A584009CFBC7 /* AppDelegate.m in Sources */ = {isa = PBXBuildFile; fileRef = F590A4162178A584009CFBC7 /* AppDelegate.m */; };
		F590A41A2178A584009CFBC7 /* ZXHomeViewController.m in Sources */ = {isa = PBXBuildFile; fileRef = F590A4192178A584009CFBC7 /* ZXHomeViewController.m */; };
		F590A41D2178A584009CFBC7 /* Main.storyboard in Resources */ = {isa = PBXBuildFile; fileRef = F590A41B2178A584009CFBC7 /* Main.storyboard */; };
		F590A41F2178A585009CFBC7 /* Assets.xcassets in Resources */ = {isa = PBXBuildFile; fileRef = F590A41E2178A585009CFBC7 /* Assets.xcassets */; };
		F590A4222178A585009CFBC7 /* LaunchScreen.storyboard in Resources */ = {isa = PBXBuildFile; fileRef = F590A4202178A585009CFBC7 /* LaunchScreen.storyboard */; };
		F590A4252178A585009CFBC7 /* main.m in Sources */ = {isa = PBXBuildFile; fileRef = F590A4242178A585009CFBC7 /* main.m */; };
		F590A42F2179779E009CFBC7 /* ZXConstants.m in Sources */ = {isa = PBXBuildFile; fileRef = F590A42E2179779E009CFBC7 /* ZXConstants.m */; };
		F59AB71521D062F300D98D78 /* ZXTipViewController.m in Sources */ = {isa = PBXBuildFile; fileRef = F59AB71321D062F300D98D78 /* ZXTipViewController.m */; };
		F59AB71621D062F300D98D78 /* ZXTipViewController.xib in Resources */ = {isa = PBXBuildFile; fileRef = F59AB71421D062F300D98D78 /* ZXTipViewController.xib */; };
		F59AB71A21D4E85F00D98D78 /* ZXTabBarController.m in Sources */ = {isa = PBXBuildFile; fileRef = F59AB71921D4E85F00D98D78 /* ZXTabBarController.m */; };
		F59AB71D21D4E8F200D98D78 /* ZXNavigationController.m in Sources */ = {isa = PBXBuildFile; fileRef = F59AB71C21D4E8F200D98D78 /* ZXNavigationController.m */; };
		F5AE213121C2782F0087A206 /* ZXUserValueModel.m in Sources */ = {isa = PBXBuildFile; fileRef = F5AE213021C2782F0087A206 /* ZXUserValueModel.m */; };
		F5AE213621DCD31E0087A206 /* ZXDatabase.m in Sources */ = {isa = PBXBuildFile; fileRef = F5AE213521DCD31E0087A206 /* ZXDatabase.m */; };
		F5AE213B21DE2DBE0087A206 /* ZXDrinkDatabaseTool.m in Sources */ = {isa = PBXBuildFile; fileRef = F5AE213A21DE2DBE0087A206 /* ZXDrinkDatabaseTool.m */; };
		F5D87F9221A6C34D006E82F7 /* UIView+ZXCornerRadius.m in Sources */ = {isa = PBXBuildFile; fileRef = F5D87F9021A6C34D006E82F7 /* UIView+ZXCornerRadius.m */; };
		F5D87FA121AD3134006E82F7 /* UIImage+ZXImageWithColor.m in Sources */ = {isa = PBXBuildFile; fileRef = F5D87FA021AD3134006E82F7 /* UIImage+ZXImageWithColor.m */; };
		F5D87FB221AE119D006E82F7 /* WeakProxy.m in Sources */ = {isa = PBXBuildFile; fileRef = F5D87FAB21AE119D006E82F7 /* WeakProxy.m */; };
		F5D87FB321AE119D006E82F7 /* JYWaveView.m in Sources */ = {isa = PBXBuildFile; fileRef = F5D87FAE21AE119D006E82F7 /* JYWaveView.m */; };
		F5D87FB421AE119D006E82F7 /* GWRoundView.m in Sources */ = {isa = PBXBuildFile; fileRef = F5D87FB021AE119D006E82F7 /* GWRoundView.m */; };
/* End PBXBuildFile section */

/* Begin PBXFileReference section */
		51646DFEB8F1616D0B1FEFE3 /* Pods-Drink.debug.xcconfig */ = {isa = PBXFileReference; includeInIndex = 1; lastKnownFileType = text.xcconfig; name = "Pods-Drink.debug.xcconfig"; path = "Pods/Target Support Files/Pods-Drink/Pods-Drink.debug.xcconfig"; sourceTree = "<group>"; };
		9DAE4BA884936FD0B6F2794B /* libPods-Drink.a */ = {isa = PBXFileReference; explicitFileType = archive.ar; includeInIndex = 0; path = "libPods-Drink.a"; sourceTree = BUILT_PRODUCTS_DIR; };
		F590A4122178A584009CFBC7 /* Drink.app */ = {isa = PBXFileReference; explicitFileType = wrapper.application; includeInIndex = 0; path = Drink.app; sourceTree = BUILT_PRODUCTS_DIR; };
		F590A4152178A584009CFBC7 /* AppDelegate.h */ = {isa = PBXFileReference; lastKnownFileType = sourcecode.c.h; path = AppDelegate.h; sourceTree = "<group>"; };
		F590A4162178A584009CFBC7 /* AppDelegate.m */ = {isa = PBXFileReference; lastKnownFileType = sourcecode.c.objc; path = AppDelegate.m; sourceTree = "<group>"; };
		F590A4182178A584009CFBC7 /* ZXHomeViewController.h */ = {isa = PBXFileReference; lastKnownFileType = sourcecode.c.h; path = ZXHomeViewController.h; sourceTree = "<group>"; };
		F590A4192178A584009CFBC7 /* ZXHomeViewController.m */ = {isa = PBXFileReference; lastKnownFileType = sourcecode.c.objc; path = ZXHomeViewController.m; sourceTree = "<group>"; };
		F590A41C2178A584009CFBC7 /* Base */ = {isa = PBXFileReference; lastKnownFileType = file.storyboard; name = Base; path = Base.lproj/Main.storyboard; sourceTree = "<group>"; };
		F590A41E2178A585009CFBC7 /* Assets.xcassets */ = {isa = PBXFileReference; lastKnownFileType = folder.assetcatalog; path = Assets.xcassets; sourceTree = "<group>"; };
		F590A4212178A585009CFBC7 /* Base */ = {isa = PBXFileReference; lastKnownFileType = file.storyboard; name = Base; path = Base.lproj/LaunchScreen.storyboard; sourceTree = "<group>"; };
		F590A4232178A585009CFBC7 /* Info.plist */ = {isa = PBXFileReference; lastKnownFileType = text.plist.xml; path = Info.plist; sourceTree = "<group>"; };
		F590A4242178A585009CFBC7 /* main.m */ = {isa = PBXFileReference; lastKnownFileType = sourcecode.c.objc; path = main.m; sourceTree = "<group>"; };
		F590A42B217976B7009CFBC7 /* Drink-Prefix.pch */ = {isa = PBXFileReference; lastKnownFileType = sourcecode.c.h; path = "Drink-Prefix.pch"; sourceTree = "<group>"; };
		F590A42D2179779E009CFBC7 /* ZXConstants.h */ = {isa = PBXFileReference; lastKnownFileType = sourcecode.c.h; path = ZXConstants.h; sourceTree = "<group>"; };
		F590A42E2179779E009CFBC7 /* ZXConstants.m */ = {isa = PBXFileReference; lastKnownFileType = sourcecode.c.objc; path = ZXConstants.m; sourceTree = "<group>"; };
		F59AB71221D062F300D98D78 /* ZXTipViewController.h */ = {isa = PBXFileReference; lastKnownFileType = sourcecode.c.h; path = ZXTipViewController.h; sourceTree = "<group>"; };
		F59AB71321D062F300D98D78 /* ZXTipViewController.m */ = {isa = PBXFileReference; lastKnownFileType = sourcecode.c.objc; path = ZXTipViewController.m; sourceTree = "<group>"; };
		F59AB71421D062F300D98D78 /* ZXTipViewController.xib */ = {isa = PBXFileReference; lastKnownFileType = file.xib; path = ZXTipViewController.xib; sourceTree = "<group>"; };
		F59AB71821D4E85F00D98D78 /* ZXTabBarController.h */ = {isa = PBXFileReference; lastKnownFileType = sourcecode.c.h; path = ZXTabBarController.h; sourceTree = "<group>"; };
		F59AB71921D4E85F00D98D78 /* ZXTabBarController.m */ = {isa = PBXFileReference; lastKnownFileType = sourcecode.c.objc; path = ZXTabBarController.m; sourceTree = "<group>"; };
		F59AB71B21D4E8F200D98D78 /* ZXNavigationController.h */ = {isa = PBXFileReference; lastKnownFileType = sourcecode.c.h; path = ZXNavigationController.h; sourceTree = "<group>"; };
		F59AB71C21D4E8F200D98D78 /* ZXNavigationController.m */ = {isa = PBXFileReference; lastKnownFileType = sourcecode.c.objc; path = ZXNavigationController.m; sourceTree = "<group>"; };
		F5AE212F21C2782F0087A206 /* ZXUserValueModel.h */ = {isa = PBXFileReference; lastKnownFileType = sourcecode.c.h; path = ZXUserValueModel.h; sourceTree = "<group>"; };
		F5AE213021C2782F0087A206 /* ZXUserValueModel.m */ = {isa = PBXFileReference; lastKnownFileType = sourcecode.c.objc; path = ZXUserValueModel.m; sourceTree = "<group>"; };
		F5AE213421DCD31E0087A206 /* ZXDatabase.h */ = {isa = PBXFileReference; lastKnownFileType = sourcecode.c.h; path = ZXDatabase.h; sourceTree = "<group>"; };
		F5AE213521DCD31E0087A206 /* ZXDatabase.m */ = {isa = PBXFileReference; lastKnownFileType = sourcecode.c.objc; path = ZXDatabase.m; sourceTree = "<group>"; };
		F5AE213721DCDDE70087A206 /* ZXTool.h */ = {isa = PBXFileReference; lastKnownFileType = sourcecode.c.h; path = ZXTool.h; sourceTree = "<group>"; };
		F5AE213921DE2DBE0087A206 /* ZXDrinkDatabaseTool.h */ = {isa = PBXFileReference; lastKnownFileType = sourcecode.c.h; path = ZXDrinkDatabaseTool.h; sourceTree = "<group>"; };
		F5AE213A21DE2DBE0087A206 /* ZXDrinkDatabaseTool.m */ = {isa = PBXFileReference; lastKnownFileType = sourcecode.c.objc; path = ZXDrinkDatabaseTool.m; sourceTree = "<group>"; };
		F5D87F9021A6C34D006E82F7 /* UIView+ZXCornerRadius.m */ = {isa = PBXFileReference; fileEncoding = 4; lastKnownFileType = sourcecode.c.objc; path = "UIView+ZXCornerRadius.m"; sourceTree = "<group>"; };
		F5D87F9121A6C34D006E82F7 /* UIView+ZXCornerRadius.h */ = {isa = PBXFileReference; fileEncoding = 4; lastKnownFileType = sourcecode.c.h; path = "UIView+ZXCornerRadius.h"; sourceTree = "<group>"; };
		F5D87F9321A6C56B006E82F7 /* Adaption.h */ = {isa = PBXFileReference; lastKnownFileType = sourcecode.c.h; path = Adaption.h; sourceTree = "<group>"; };
		F5D87F9F21AD3134006E82F7 /* UIImage+ZXImageWithColor.h */ = {isa = PBXFileReference; lastKnownFileType = sourcecode.c.h; path = "UIImage+ZXImageWithColor.h"; sourceTree = "<group>"; };
		F5D87FA021AD3134006E82F7 /* UIImage+ZXImageWithColor.m */ = {isa = PBXFileReference; lastKnownFileType = sourcecode.c.objc; path = "UIImage+ZXImageWithColor.m"; sourceTree = "<group>"; };
		F5D87FAB21AE119D006E82F7 /* WeakProxy.m */ = {isa = PBXFileReference; fileEncoding = 4; lastKnownFileType = sourcecode.c.objc; path = WeakProxy.m; sourceTree = "<group>"; };
		F5D87FAC21AE119D006E82F7 /* JYWaveView.h */ = {isa = PBXFileReference; fileEncoding = 4; lastKnownFileType = sourcecode.c.h; path = JYWaveView.h; sourceTree = "<group>"; };
		F5D87FAD21AE119D006E82F7 /* WeakProxy.h */ = {isa = PBXFileReference; fileEncoding = 4; lastKnownFileType = sourcecode.c.h; path = WeakProxy.h; sourceTree = "<group>"; };
		F5D87FAE21AE119D006E82F7 /* JYWaveView.m */ = {isa = PBXFileReference; fileEncoding = 4; lastKnownFileType = sourcecode.c.objc; path = JYWaveView.m; sourceTree = "<group>"; };
		F5D87FB021AE119D006E82F7 /* GWRoundView.m */ = {isa = PBXFileReference; fileEncoding = 4; lastKnownFileType = sourcecode.c.objc; path = GWRoundView.m; sourceTree = "<group>"; };
		F5D87FB121AE119D006E82F7 /* GWRoundView.h */ = {isa = PBXFileReference; fileEncoding = 4; lastKnownFileType = sourcecode.c.h; path = GWRoundView.h; sourceTree = "<group>"; };
		FDBB06E9893B7E5AC0126F00 /* Pods-Drink.release.xcconfig */ = {isa = PBXFileReference; includeInIndex = 1; lastKnownFileType = text.xcconfig; name = "Pods-Drink.release.xcconfig"; path = "Pods/Target Support Files/Pods-Drink/Pods-Drink.release.xcconfig"; sourceTree = "<group>"; };
/* End PBXFileReference section */

/* Begin PBXFrameworksBuildPhase section */
		F590A40F2178A584009CFBC7 /* Frameworks */ = {
			isa = PBXFrameworksBuildPhase;
			buildActionMask = 2147483647;
			files = (
				840FC3F2720C90F22C1BCF81 /* libPods-Drink.a in Frameworks */,
			);
			runOnlyForDeploymentPostprocessing = 0;
		};
/* End PBXFrameworksBuildPhase section */

/* Begin PBXGroup section */
		102404D6F01957129DFAAC35 /* Pods */ = {
			isa = PBXGroup;
			children = (
				51646DFEB8F1616D0B1FEFE3 /* Pods-Drink.debug.xcconfig */,
				FDBB06E9893B7E5AC0126F00 /* Pods-Drink.release.xcconfig */,
			);
			name = Pods;
			sourceTree = "<group>";
		};
		A57BD8DF1920F8BDA9625902 /* Frameworks */ = {
			isa = PBXGroup;
			children = (
				9DAE4BA884936FD0B6F2794B /* libPods-Drink.a */,
			);
			name = Frameworks;
			sourceTree = "<group>";
		};
		F590A4092178A584009CFBC7 = {
			isa = PBXGroup;
			children = (
				F590A4142178A584009CFBC7 /* Drink */,
				F590A4132178A584009CFBC7 /* Products */,
				102404D6F01957129DFAAC35 /* Pods */,
				A57BD8DF1920F8BDA9625902 /* Frameworks */,
			);
			sourceTree = "<group>";
		};
		F590A4132178A584009CFBC7 /* Products */ = {
			isa = PBXGroup;
			children = (
				F590A4122178A584009CFBC7 /* Drink.app */,
			);
			name = Products;
			sourceTree = "<group>";
		};
		F590A4142178A584009CFBC7 /* Drink */ = {
			isa = PBXGroup;
			children = (
				F5AE213821DCE0C20087A206 /* Helper */,
				F59AB71721D4E80300D98D78 /* Base */,
				F59AB71121D0626D00D98D78 /* Controller */,
				F5AE213221C278380087A206 /* Model */,
				F5D87FA921AE119D006E82F7 /* ThirdParty */,
				F590A4152178A584009CFBC7 /* AppDelegate.h */,
				F590A4162178A584009CFBC7 /* AppDelegate.m */,
				F590A41B2178A584009CFBC7 /* Main.storyboard */,
				F590A41E2178A585009CFBC7 /* Assets.xcassets */,
				F590A4202178A585009CFBC7 /* LaunchScreen.storyboard */,
				F590A4232178A585009CFBC7 /* Info.plist */,
				F590A4242178A585009CFBC7 /* main.m */,
				F590A42B217976B7009CFBC7 /* Drink-Prefix.pch */,
			);
			path = Drink;
			sourceTree = "<group>";
		};
		F590A42C217976E7009CFBC7 /* ZXTool */ = {
			isa = PBXGroup;
			children = (
				F5D87F8F21A6C34D006E82F7 /* Category */,
				F590A42D2179779E009CFBC7 /* ZXConstants.h */,
				F590A42E2179779E009CFBC7 /* ZXConstants.m */,
				F5D87F9321A6C56B006E82F7 /* Adaption.h */,
				F5AE213721DCDDE70087A206 /* ZXTool.h */,
			);
			path = ZXTool;
			sourceTree = "<group>";
		};
		F59AB71121D0626D00D98D78 /* Controller */ = {
			isa = PBXGroup;
			children = (
				F590A4182178A584009CFBC7 /* ZXHomeViewController.h */,
				F590A4192178A584009CFBC7 /* ZXHomeViewController.m */,
				F59AB71221D062F300D98D78 /* ZXTipViewController.h */,
				F59AB71321D062F300D98D78 /* ZXTipViewController.m */,
				F59AB71421D062F300D98D78 /* ZXTipViewController.xib */,
			);
			path = Controller;
			sourceTree = "<group>";
		};
		F59AB71721D4E80300D98D78 /* Base */ = {
			isa = PBXGroup;
			children = (
				F59AB71821D4E85F00D98D78 /* ZXTabBarController.h */,
				F59AB71921D4E85F00D98D78 /* ZXTabBarController.m */,
				F59AB71B21D4E8F200D98D78 /* ZXNavigationController.h */,
				F59AB71C21D4E8F200D98D78 /* ZXNavigationController.m */,
			);
			path = Base;
			sourceTree = "<group>";
		};
		F5AE213221C278380087A206 /* Model */ = {
			isa = PBXGroup;
			children = (
				F5AE212F21C2782F0087A206 /* ZXUserValueModel.h */,
				F5AE213021C2782F0087A206 /* ZXUserValueModel.m */,
			);
			name = Model;
			sourceTree = "<group>";
		};
		F5AE213321DCD2E60087A206 /* DatabaseHelper */ = {
			isa = PBXGroup;
			children = (
				F5AE213421DCD31E0087A206 /* ZXDatabase.h */,
				F5AE213521DCD31E0087A206 /* ZXDatabase.m */,
				F5AE213921DE2DBE0087A206 /* ZXDrinkDatabaseTool.h */,
				F5AE213A21DE2DBE0087A206 /* ZXDrinkDatabaseTool.m */,
			);
			path = DatabaseHelper;
			sourceTree = "<group>";
		};
		F5AE213821DCE0C20087A206 /* Helper */ = {
			isa = PBXGroup;
			children = (
				F5AE213321DCD2E60087A206 /* DatabaseHelper */,
			);
			path = Helper;
			sourceTree = "<group>";
		};
		F5D87F8F21A6C34D006E82F7 /* Category */ = {
			isa = PBXGroup;
			children = (
				F5D87F9121A6C34D006E82F7 /* UIView+ZXCornerRadius.h */,
				F5D87F9021A6C34D006E82F7 /* UIView+ZXCornerRadius.m */,
				F5D87F9F21AD3134006E82F7 /* UIImage+ZXImageWithColor.h */,
				F5D87FA021AD3134006E82F7 /* UIImage+ZXImageWithColor.m */,
			);
			path = Category;
			sourceTree = "<group>";
		};
		F5D87FA921AE119D006E82F7 /* ThirdParty */ = {
			isa = PBXGroup;
			children = (
				F590A42C217976E7009CFBC7 /* ZXTool */,
				F5D87FAA21AE119D006E82F7 /* JYWaveView */,
				F5D87FAF21AE119D006E82F7 /* ChooseView */,
			);
			name = ThirdParty;
			path = Drink/ThirdParty;
			sourceTree = SOURCE_ROOT;
		};
		F5D87FAA21AE119D006E82F7 /* JYWaveView */ = {
			isa = PBXGroup;
			children = (
				F5D87FAD21AE119D006E82F7 /* WeakProxy.h */,
				F5D87FAB21AE119D006E82F7 /* WeakProxy.m */,
				F5D87FAC21AE119D006E82F7 /* JYWaveView.h */,
				F5D87FAE21AE119D006E82F7 /* JYWaveView.m */,
			);
			path = JYWaveView;
			sourceTree = "<group>";
		};
		F5D87FAF21AE119D006E82F7 /* ChooseView */ = {
			isa = PBXGroup;
			children = (
				F5D87FB121AE119D006E82F7 /* GWRoundView.h */,
				F5D87FB021AE119D006E82F7 /* GWRoundView.m */,
			);
			path = ChooseView;
			sourceTree = "<group>";
		};
/* End PBXGroup section */

/* Begin PBXNativeTarget section */
		F590A4112178A584009CFBC7 /* Drink */ = {
			isa = PBXNativeTarget;
			buildConfigurationList = F590A4282178A585009CFBC7 /* Build configuration list for PBXNativeTarget "Drink" */;
			buildPhases = (
				430153CBBBB759DB38593231 /* [CP] Check Pods Manifest.lock */,
				F590A40E2178A584009CFBC7 /* Sources */,
				F590A40F2178A584009CFBC7 /* Frameworks */,
				F590A4102178A584009CFBC7 /* Resources */,
			);
			buildRules = (
			);
			dependencies = (
			);
			name = Drink;
			productName = Drink;
			productReference = F590A4122178A584009CFBC7 /* Drink.app */;
			productType = "com.apple.product-type.application";
		};
/* End PBXNativeTarget section */

/* Begin PBXProject section */
		F590A40A2178A584009CFBC7 /* Project object */ = {
			isa = PBXProject;
			attributes = {
				CLASSPREFIX = ZX;
				LastUpgradeCheck = 0940;
				ORGANIZATIONNAME = "区振轩";
				TargetAttributes = {
					F590A4112178A584009CFBC7 = {
						CreatedOnToolsVersion = 9.4.1;
					};
				};
			};
			buildConfigurationList = F590A40D2178A584009CFBC7 /* Build configuration list for PBXProject "Drink" */;
			compatibilityVersion = "Xcode 9.3";
			developmentRegion = en;
			hasScannedForEncodings = 0;
			knownRegions = (
				en,
				Base,
			);
			mainGroup = F590A4092178A584009CFBC7;
			productRefGroup = F590A4132178A584009CFBC7 /* Products */;
			projectDirPath = "";
			projectRoot = "";
			targets = (
				F590A4112178A584009CFBC7 /* Drink */,
			);
		};
/* End PBXProject section */

/* Begin PBXResourcesBuildPhase section */
		F590A4102178A584009CFBC7 /* Resources */ = {
			isa = PBXResourcesBuildPhase;
			buildActionMask = 2147483647;
			files = (
				F590A4222178A585009CFBC7 /* LaunchScreen.storyboard in Resources */,
				F590A41F2178A585009CFBC7 /* Assets.xcassets in Resources */,
				F59AB71621D062F300D98D78 /* ZXTipViewController.xib in Resources */,
				F590A41D2178A584009CFBC7 /* Main.storyboard in Resources */,
			);
			runOnlyForDeploymentPostprocessing = 0;
		};
/* End PBXResourcesBuildPhase section */

/* Begin PBXShellScriptBuildPhase section */
		430153CBBBB759DB38593231 /* [CP] Check Pods Manifest.lock */ = {
			isa = PBXShellScriptBuildPhase;
			buildActionMask = 2147483647;
			files = (
			);
			inputPaths = (
				"${PODS_PODFILE_DIR_PATH}/Podfile.lock",
				"${PODS_ROOT}/Manifest.lock",
			);
			name = "[CP] Check Pods Manifest.lock";
			outputPaths = (
				"$(DERIVED_FILE_DIR)/Pods-Drink-checkManifestLockResult.txt",
			);
			runOnlyForDeploymentPostprocessing = 0;
			shellPath = /bin/sh;
			shellScript = "diff \"${PODS_PODFILE_DIR_PATH}/Podfile.lock\" \"${PODS_ROOT}/Manifest.lock\" > /dev/null\nif [ $? != 0 ] ; then\n    # print error to STDERR\n    echo \"error: The sandbox is not in sync with the Podfile.lock. Run 'pod install' or update your CocoaPods installation.\" >&2\n    exit 1\nfi\n# This output is used by Xcode 'outputs' to avoid re-running this script phase.\necho \"SUCCESS\" > \"${SCRIPT_OUTPUT_FILE_0}\"\n";
			showEnvVarsInLog = 0;
		};
/* End PBXShellScriptBuildPhase section */

/* Begin PBXSourcesBuildPhase section */
		F590A40E2178A584009CFBC7 /* Sources */ = {
			isa = PBXSourcesBuildPhase;
			buildActionMask = 2147483647;
			files = (
				F5AE213121C2782F0087A206 /* ZXUserValueModel.m in Sources */,
				F5D87FB221AE119D006E82F7 /* WeakProxy.m in Sources */,
				F59AB71D21D4E8F200D98D78 /* ZXNavigationController.m in Sources */,
				F5D87FB421AE119D006E82F7 /* GWRoundView.m in Sources */,
				F5AE213621DCD31E0087A206 /* ZXDatabase.m in Sources */,
				F590A41A2178A584009CFBC7 /* ZXHomeViewController.m in Sources */,
				F5D87FA121AD3134006E82F7 /* UIImage+ZXImageWithColor.m in Sources */,
				F590A4252178A585009CFBC7 /* main.m in Sources */,
				F5AE213B21DE2DBE0087A206 /* ZXDrinkDatabaseTool.m in Sources */,
				F590A4172178A584009CFBC7 /* AppDelegate.m in Sources */,
				F590A42F2179779E009CFBC7 /* ZXConstants.m in Sources */,
				F5D87F9221A6C34D006E82F7 /* UIView+ZXCornerRadius.m in Sources */,
				F59AB71A21D4E85F00D98D78 /* ZXTabBarController.m in Sources */,
				F59AB71521D062F300D98D78 /* ZXTipViewController.m in Sources */,
				F5D87FB321AE119D006E82F7 /* JYWaveView.m in Sources */,
			);
			runOnlyForDeploymentPostprocessing = 0;
		};
/* End PBXSourcesBuildPhase section */

/* Begin PBXVariantGroup section */
		F590A41B2178A584009CFBC7 /* Main.storyboard */ = {
			isa = PBXVariantGroup;
			children = (
				F590A41C2178A584009CFBC7 /* Base */,
			);
			name = Main.storyboard;
			sourceTree = "<group>";
		};
		F590A4202178A585009CFBC7 /* LaunchScreen.storyboard */ = {
			isa = PBXVariantGroup;
			children = (
				F590A4212178A585009CFBC7 /* Base */,
			);
			name = LaunchScreen.storyboard;
			sourceTree = "<group>";
		};
/* End PBXVariantGroup section */

/* Begin XCBuildConfiguration section */
		F590A4262178A585009CFBC7 /* Debug */ = {
			isa = XCBuildConfiguration;
			buildSettings = {
				ALWAYS_SEARCH_USER_PATHS = NO;
				CLANG_ANALYZER_NONNULL = YES;
				CLANG_ANALYZER_NUMBER_OBJECT_CONVERSION = YES_AGGRESSIVE;
				CLANG_CXX_LANGUAGE_STANDARD = "gnu++14";
				CLANG_CXX_LIBRARY = "libc++";
				CLANG_ENABLE_MODULES = YES;
				CLANG_ENABLE_OBJC_ARC = YES;
				CLANG_ENABLE_OBJC_WEAK = YES;
				CLANG_WARN_BLOCK_CAPTURE_AUTORELEASING = YES;
				CLANG_WARN_BOOL_CONVERSION = YES;
				CLANG_WARN_COMMA = YES;
				CLANG_WARN_CONSTANT_CONVERSION = YES;
				CLANG_WARN_DEPRECATED_OBJC_IMPLEMENTATIONS = YES;
				CLANG_WARN_DIRECT_OBJC_ISA_USAGE = YES_ERROR;
				CLANG_WARN_DOCUMENTATION_COMMENTS = YES;
				CLANG_WARN_EMPTY_BODY = YES;
				CLANG_WARN_ENUM_CONVERSION = YES;
				CLANG_WARN_INFINITE_RECURSION = YES;
				CLANG_WARN_INT_CONVERSION = YES;
				CLANG_WARN_NON_LITERAL_NULL_CONVERSION = YES;
				CLANG_WARN_OBJC_IMPLICIT_RETAIN_SELF = YES;
				CLANG_WARN_OBJC_LITERAL_CONVERSION = YES;
				CLANG_WARN_OBJC_ROOT_CLASS = YES_ERROR;
				CLANG_WARN_RANGE_LOOP_ANALYSIS = YES;
				CLANG_WARN_STRICT_PROTOTYPES = YES;
				CLANG_WARN_SUSPICIOUS_MOVE = YES;
				CLANG_WARN_UNGUARDED_AVAILABILITY = YES_AGGRESSIVE;
				CLANG_WARN_UNREACHABLE_CODE = YES;
				CLANG_WARN__DUPLICATE_METHOD_MATCH = YES;
				CODE_SIGN_IDENTITY = "iPhone Developer";
				COPY_PHASE_STRIP = NO;
				DEBUG_INFORMATION_FORMAT = dwarf;
				ENABLE_STRICT_OBJC_MSGSEND = YES;
				ENABLE_TESTABILITY = YES;
				GCC_C_LANGUAGE_STANDARD = gnu11;
				GCC_DYNAMIC_NO_PIC = NO;
				GCC_NO_COMMON_BLOCKS = YES;
				GCC_OPTIMIZATION_LEVEL = 0;
				GCC_PREPROCESSOR_DEFINITIONS = (
					"DEBUG=1",
					"$(inherited)",
				);
				GCC_WARN_64_TO_32_BIT_CONVERSION = YES;
				GCC_WARN_ABOUT_RETURN_TYPE = YES_ERROR;
				GCC_WARN_UNDECLARED_SELECTOR = YES;
				GCC_WARN_UNINITIALIZED_AUTOS = YES_AGGRESSIVE;
				GCC_WARN_UNUSED_FUNCTION = YES;
				GCC_WARN_UNUSED_VARIABLE = YES;
				IPHONEOS_DEPLOYMENT_TARGET = 11.4;
				MTL_ENABLE_DEBUG_INFO = YES;
				ONLY_ACTIVE_ARCH = YES;
				SDKROOT = iphoneos;
			};
			name = Debug;
		};
		F590A4272178A585009CFBC7 /* Release */ = {
			isa = XCBuildConfiguration;
			buildSettings = {
				ALWAYS_SEARCH_USER_PATHS = NO;
				CLANG_ANALYZER_NONNULL = YES;
				CLANG_ANALYZER_NUMBER_OBJECT_CONVERSION = YES_AGGRESSIVE;
				CLANG_CXX_LANGUAGE_STANDARD = "gnu++14";
				CLANG_CXX_LIBRARY = "libc++";
				CLANG_ENABLE_MODULES = YES;
				CLANG_ENABLE_OBJC_ARC = YES;
				CLANG_ENABLE_OBJC_WEAK = YES;
				CLANG_WARN_BLOCK_CAPTURE_AUTORELEASING = YES;
				CLANG_WARN_BOOL_CONVERSION = YES;
				CLANG_WARN_COMMA = YES;
				CLANG_WARN_CONSTANT_CONVERSION = YES;
				CLANG_WARN_DEPRECATED_OBJC_IMPLEMENTATIONS = YES;
				CLANG_WARN_DIRECT_OBJC_ISA_USAGE = YES_ERROR;
				CLANG_WARN_DOCUMENTATION_COMMENTS = YES;
				CLANG_WARN_EMPTY_BODY = YES;
				CLANG_WARN_ENUM_CONVERSION = YES;
				CLANG_WARN_INFINITE_RECURSION = YES;
				CLANG_WARN_INT_CONVERSION = YES;
				CLANG_WARN_NON_LITERAL_NULL_CONVERSION = YES;
				CLANG_WARN_OBJC_IMPLICIT_RETAIN_SELF = YES;
				CLANG_WARN_OBJC_LITERAL_CONVERSION = YES;
				CLANG_WARN_OBJC_ROOT_CLASS = YES_ERROR;
				CLANG_WARN_RANGE_LOOP_ANALYSIS = YES;
				CLANG_WARN_STRICT_PROTOTYPES = YES;
				CLANG_WARN_SUSPICIOUS_MOVE = YES;
				CLANG_WARN_UNGUARDED_AVAILABILITY = YES_AGGRESSIVE;
				CLANG_WARN_UNREACHABLE_CODE = YES;
				CLANG_WARN__DUPLICATE_METHOD_MATCH = YES;
				CODE_SIGN_IDENTITY = "iPhone Developer";
				COPY_PHASE_STRIP = NO;
				DEBUG_INFORMATION_FORMAT = "dwarf-with-dsym";
				ENABLE_NS_ASSERTIONS = NO;
				ENABLE_STRICT_OBJC_MSGSEND = YES;
				GCC_C_LANGUAGE_STANDARD = gnu11;
				GCC_NO_COMMON_BLOCKS = YES;
				GCC_WARN_64_TO_32_BIT_CONVERSION = YES;
				GCC_WARN_ABOUT_RETURN_TYPE = YES_ERROR;
				GCC_WARN_UNDECLARED_SELECTOR = YES;
				GCC_WARN_UNINITIALIZED_AUTOS = YES_AGGRESSIVE;
				GCC_WARN_UNUSED_FUNCTION = YES;
				GCC_WARN_UNUSED_VARIABLE = YES;
				IPHONEOS_DEPLOYMENT_TARGET = 11.4;
				MTL_ENABLE_DEBUG_INFO = NO;
				SDKROOT = iphoneos;
				VALIDATE_PRODUCT = YES;
			};
			name = Release;
		};
		F590A4292178A585009CFBC7 /* Debug */ = {
			isa = XCBuildConfiguration;
			baseConfigurationReference = 51646DFEB8F1616D0B1FEFE3 /* Pods-Drink.debug.xcconfig */;
			buildSettings = {
				ASSETCATALOG_COMPILER_APPICON_NAME = AppIcon;
				CODE_SIGN_IDENTITY = "iPhone Developer";
				CODE_SIGN_STYLE = Automatic;
				DEVELOPMENT_TEAM = GTMKG6EH2C;
				GCC_PREFIX_HEADER = "Drink/Drink-Prefix.pch";
				INFOPLIST_FILE = Drink/Info.plist;
				LD_RUNPATH_SEARCH_PATHS = (
					"$(inherited)",
					"@executable_path/Frameworks",
				);
				PRODUCT_BUNDLE_IDENTIFIER = com.ozx.Drink;
				PRODUCT_NAME = "$(TARGET_NAME)";
				PROVISIONING_PROFILE_SPECIFIER = "";
				TARGETED_DEVICE_FAMILY = "1,2";
			};
			name = Debug;
		};
		F590A42A2178A585009CFBC7 /* Release */ = {
			isa = XCBuildConfiguration;
			baseConfigurationReference = FDBB06E9893B7E5AC0126F00 /* Pods-Drink.release.xcconfig */;
			buildSettings = {
				ASSETCATALOG_COMPILER_APPICON_NAME = AppIcon;
				CODE_SIGN_IDENTITY = "iPhone Developer";
				CODE_SIGN_STYLE = Automatic;
				DEVELOPMENT_TEAM = GTMKG6EH2C;
				GCC_PREFIX_HEADER = "Drink/Drink-Prefix.pch";
				INFOPLIST_FILE = Drink/Info.plist;
				LD_RUNPATH_SEARCH_PATHS = (
					"$(inherited)",
					"@executable_path/Frameworks",
				);
				PRODUCT_BUNDLE_IDENTIFIER = com.ozx.Drink;
				PRODUCT_NAME = "$(TARGET_NAME)";
				PROVISIONING_PROFILE_SPECIFIER = "";
				TARGETED_DEVICE_FAMILY = "1,2";
			};
			name = Release;
		};
/* End XCBuildConfiguration section */

/* Begin XCConfigurationList section */
		F590A40D2178A584009CFBC7 /* Build configuration list for PBXProject "Drink" */ = {
			isa = XCConfigurationList;
			buildConfigurations = (
				F590A4262178A585009CFBC7 /* Debug */,
				F590A4272178A585009CFBC7 /* Release */,
			);
			defaultConfigurationIsVisible = 0;
			defaultConfigurationName = Release;
		};
		F590A4282178A585009CFBC7 /* Build configuration list for PBXNativeTarget "Drink" */ = {
			isa = XCConfigurationList;
			buildConfigurations = (
				F590A4292178A585009CFBC7 /* Debug */,
				F590A42A2178A585009CFBC7 /* Release */,
			);
			defaultConfigurationIsVisible = 0;
			defaultConfigurationName = Release;
		};
/* End XCConfigurationList section */
	};
	rootObject = F590A40A2178A584009CFBC7 /* Project object */;
}
